
Microsoft Visual Studio Solution File, Format Version 12.00
# Visual Studio Version 17
VisualStudioVersion = 17.5.33516.290
MinimumVisualStudioVersion = 10.0.40219.1
Project("{FAE04EC0-301F-11D3-BF4B-00C04F79EFBC}") = "RecursionPrac", "RecursionPrac\RecursionPrac.csproj", "{EB016A86-802F-4456-8FB9-7AC3D538983B}"
EndProject
Global
	GlobalSection(SolutionConfigurationPlatforms) = preSolution
		Debug|Any CPU = Debug|Any CPU
		Release|Any CPU = Release|Any CPU
	EndGlobalSection
	GlobalSection(ProjectConfigurationPlatforms) = postSolution
		{EB016A86-802F-4456-8FB9-7AC3D538983B}.Debug|Any CPU.ActiveCfg = Debug|Any CPU
		{EB016A86-802F-4456-8FB9-7AC3D538983B}.Debug|Any CPU.Build.0 = Debug|Any CPU
		{EB016A86-802F-4456-8FB9-7AC3D538983B}.Release|Any CPU.ActiveCfg = Release|Any CPU
		{EB016A86-802F-4456-8FB9-7AC3D538983B}.Release|Any CPU.Build.0 = Release|Any CPU
	EndGlobalSection
	GlobalSection(SolutionProperties) = preSolution
		HideSolutionNode = FALSE
	EndGlobalSection
	GlobalSection(ExtensibilityGlobals) = postSolution
		SolutionGuid = {62914D40-1395-48EB-A14A-B9D18CD34B8D}
	EndGlobalSection
EndGlobal
